
Microsoft Visual Studio Solution File, Format Version 12.00
# Visual Studio Version 17
VisualStudioVersion = 17.12.35527.113
MinimumVisualStudioVersion = 10.0.40219.1
Project("{2150E333-8FDC-42A3-9474-1A3956D46DE8}") = "src", "src", "{03421505-07AA-4B4C-AB00-0CE6590723CE}"
EndProject
Project("{2150E333-8FDC-42A3-9474-1A3956D46DE8}") = "Core", "Core", "{3DB2B2E3-C568-40F1-BC71-E7DE1E2733DC}"
EndProject
Project("{2150E333-8FDC-42A3-9474-1A3956D46DE8}") = "Infrustructure", "Infrustructure", "{961BF662-4A5E-49EC-B624-AA6361352A54}"
EndProject
Project("{2150E333-8FDC-42A3-9474-1A3956D46DE8}") = "Presentation", "Presentation", "{C8AB2983-BE72-46F1-BBDC-8D68E7A2BC40}"
EndProject
Project("{FAE04EC0-301F-11D3-BF4B-00C04F79EFBC}") = "ÜNY.Application", "src\Core\ÜNY.Application\ÜNY.Application.csproj", "{540E917E-9FC4-4DAA-834D-128FF51145B5}"
EndProject
Project("{FAE04EC0-301F-11D3-BF4B-00C04F79EFBC}") = "ÜNY.Domain", "src\Core\ÜNY.Domain\ÜNY.Domain.csproj", "{27F2D202-FF1B-434F-B59F-D3B3884B1173}"
EndProject
Project("{FAE04EC0-301F-11D3-BF4B-00C04F79EFBC}") = "ÜNY.Infrastructure", "src\Infrastructure\ÜNY.Infrastructure\ÜNY.Infrastructure.csproj", "{AEA32FA2-8686-4318-B8C7-3E7ECC0FBDB0}"
EndProject
Project("{FAE04EC0-301F-11D3-BF4B-00C04F79EFBC}") = "ÜNY.WebAPI", "src\Persistence\ÜNY.WebAPI\ÜNY.WebAPI.csproj", "{C72644C2-AA4D-47AA-9647-792E118DE810}"
EndProject
Project("{FAE04EC0-301F-11D3-BF4B-00C04F79EFBC}") = "ÜNY.BackofficeUI", "src\Persistence\ÜNY.BackofficeUI\ÜNY.BackofficeUI.csproj", "{7A184A38-FBC7-47AD-8477-1FFDCCB81CB8}"
EndProject
Global
	GlobalSection(SolutionConfigurationPlatforms) = preSolution
		Debug|Any CPU = Debug|Any CPU
		Release|Any CPU = Release|Any CPU
	EndGlobalSection
	GlobalSection(ProjectConfigurationPlatforms) = postSolution
		{540E917E-9FC4-4DAA-834D-128FF51145B5}.Debug|Any CPU.ActiveCfg = Debug|Any CPU
		{540E917E-9FC4-4DAA-834D-128FF51145B5}.Debug|Any CPU.Build.0 = Debug|Any CPU
		{540E917E-9FC4-4DAA-834D-128FF51145B5}.Release|Any CPU.ActiveCfg = Release|Any CPU
		{540E917E-9FC4-4DAA-834D-128FF51145B5}.Release|Any CPU.Build.0 = Release|Any CPU
		{27F2D202-FF1B-434F-B59F-D3B3884B1173}.Debug|Any CPU.ActiveCfg = Debug|Any CPU
		{27F2D202-FF1B-434F-B59F-D3B3884B1173}.Debug|Any CPU.Build.0 = Debug|Any CPU
		{27F2D202-FF1B-434F-B59F-D3B3884B1173}.Release|Any CPU.ActiveCfg = Release|Any CPU
		{27F2D202-FF1B-434F-B59F-D3B3884B1173}.Release|Any CPU.Build.0 = Release|Any CPU
		{AEA32FA2-8686-4318-B8C7-3E7ECC0FBDB0}.Debug|Any CPU.ActiveCfg = Debug|Any CPU
		{AEA32FA2-8686-4318-B8C7-3E7ECC0FBDB0}.Debug|Any CPU.Build.0 = Debug|Any CPU
		{AEA32FA2-8686-4318-B8C7-3E7ECC0FBDB0}.Release|Any CPU.ActiveCfg = Release|Any CPU
		{AEA32FA2-8686-4318-B8C7-3E7ECC0FBDB0}.Release|Any CPU.Build.0 = Release|Any CPU
		{C72644C2-AA4D-47AA-9647-792E118DE810}.Debug|Any CPU.ActiveCfg = Debug|Any CPU
		{C72644C2-AA4D-47AA-9647-792E118DE810}.Debug|Any CPU.Build.0 = Debug|Any CPU
		{C72644C2-AA4D-47AA-9647-792E118DE810}.Release|Any CPU.ActiveCfg = Release|Any CPU
		{C72644C2-AA4D-47AA-9647-792E118DE810}.Release|Any CPU.Build.0 = Release|Any CPU
		{7A184A38-FBC7-47AD-8477-1FFDCCB81CB8}.Debug|Any CPU.ActiveCfg = Debug|Any CPU
		{7A184A38-FBC7-47AD-8477-1FFDCCB81CB8}.Debug|Any CPU.Build.0 = Debug|Any CPU
		{7A184A38-FBC7-47AD-8477-1FFDCCB81CB8}.Release|Any CPU.ActiveCfg = Release|Any CPU
		{7A184A38-FBC7-47AD-8477-1FFDCCB81CB8}.Release|Any CPU.Build.0 = Release|Any CPU
	EndGlobalSection
	GlobalSection(SolutionProperties) = preSolution
		HideSolutionNode = FALSE
	EndGlobalSection
	GlobalSection(NestedProjects) = preSolution
		{3DB2B2E3-C568-40F1-BC71-E7DE1E2733DC} = {03421505-07AA-4B4C-AB00-0CE6590723CE}
		{961BF662-4A5E-49EC-B624-AA6361352A54} = {03421505-07AA-4B4C-AB00-0CE6590723CE}
		{C8AB2983-BE72-46F1-BBDC-8D68E7A2BC40} = {03421505-07AA-4B4C-AB00-0CE6590723CE}
		{540E917E-9FC4-4DAA-834D-128FF51145B5} = {3DB2B2E3-C568-40F1-BC71-E7DE1E2733DC}
		{27F2D202-FF1B-434F-B59F-D3B3884B1173} = {3DB2B2E3-C568-40F1-BC71-E7DE1E2733DC}
		{AEA32FA2-8686-4318-B8C7-3E7ECC0FBDB0} = {961BF662-4A5E-49EC-B624-AA6361352A54}
		{C72644C2-AA4D-47AA-9647-792E118DE810} = {C8AB2983-BE72-46F1-BBDC-8D68E7A2BC40}
		{7A184A38-FBC7-47AD-8477-1FFDCCB81CB8} = {C8AB2983-BE72-46F1-BBDC-8D68E7A2BC40}
	EndGlobalSection
EndGlobal
